[[package]]
name = "cipheycore"
version = "0.3.2"
description = ""
category = "main"
optional = false
python-versions = ">=3.5,<4.0"

[[package]]
name = "cipheydists"
version = "0.1.3"
description = "A collection of distributions, character sets and dictionaries for use in ciphey"
category = "main"
optional = false
python-versions = ">=3.5,<4.0"

[[package]]
name = "unicode"
version = "2.7"
description = "Display unicode character properties"
category = "main"
optional = false
python-versions = "*"

[metadata]
lock-version = "1.1"
python-versions = "^3.8"
content-hash = "416f3f73c99986181e7e39eb26ed4b1fa1ddb012b58e83709cd5f05457aeeb48"

[metadata.files]
cipheycore = [
    {file = "cipheycore-0.3.2-cp35-cp35m-manylinux2014_x86_64.whl", hash = "sha256:7baef2d6355a2ca683950223c36fcbfea7b941c277dea0f0c80bfa0251fb1cf6"},
    {file = "cipheycore-0.3.2-cp35-cp35m-win_amd64.whl", hash = "sha256:63f7b167c6eb92a5d0fd3b5108c3ed2f1aa4a457a67b3669613260b4d61d15bd"},
    {file = "cipheycore-0.3.2-cp36-cp36m-manylinux2014_x86_64.whl", hash = "sha256:6bd534bbbfcd80f99b1ee785d56bb2265b3a4b4893e0df813f7a247a3c444317"},
    {file = "cipheycore-0.3.2-cp36-cp36m-win_amd64.whl", hash = "sha256:1051b50cb94c225acd4ccb8653f3f095a564ec15dd253964e4a86db81999597e"},
    {file = "cipheycore-0.3.2-cp37-cp37m-macosx_10_15_x86_64.whl", hash = "sha256:88a824989fa1b162e2814bab7f3e1bb31c7eafc235dba4a05d923d2efd467f48"},
    {file = "cipheycore-0.3.2-cp37-cp37m-manylinux2014_x86_64.whl", hash = "sha256:ba41bc6ca5742f2080e3c2145b61bf582d574518eea7727dafd861b8554e8181"},
    {file = "cipheycore-0.3.2-cp37-cp37m-win_amd64.whl", hash = "sha256:399244b7880e7446ac3af86074c7a5424d098107e2b48c8dc4e4b75326472a10"},
    {file = "cipheycore-0.3.2-cp38-cp38-macosx_10_15_x86_64.whl", hash = "sha256:2a7026b8672be5b20a674cc82d74065ba0a18c1e3fcf04f2ead386cb17b2ea8f"},
    {file = "cipheycore-0.3.2-cp38-cp38-manylinux2014_x86_64.whl", hash = "sha256:ea0ac44d1fc05a43840ddbada98112c7b8541628cefa21ad74785ed1bc2bd1a2"},
    {file = "cipheycore-0.3.2-cp38-cp38-win_amd64.whl", hash = "sha256:739f2eea29718de3fa1702697b61e0f07d0631a57a94013e1735ceacd9786f37"},
    {file = "cipheycore-0.3.2-cp39-cp39-macosx_10_15_x86_64.whl", hash = "sha256:8e83a36aac264ad637ee7b7a9b5abb37b360be102b2220125e8f827bdf42ead5"},
    {file = "cipheycore-0.3.2-cp39-cp39-manylinux2014_x86_64.whl", hash = "sha256:ad0269e793d0125f8c0089ce700a5901b9d69cd5b9ae3b30cba527b2bf97d980"},
]
cipheydists = [
    {file = "cipheydists-0.1.3-py3-none-any.whl", hash = "sha256:d6f2632b3cd895ae5b36a30a85d21c55157426a5371bd60f70a6f7af9a3edb15"},
    {file = "cipheydists-0.1.3.tar.gz", hash = "sha256:54f913171d96e70d05348406bbb497cb32c25f31398a0aca7eb006d20110c852"},
]
unicode = [
    {file = "unicode-2.7-py2.py3-none-any.whl", hash = "sha256:50ffc265ef115e420194338879b8ca260b0d78a1c91e149cc36a3a33f1341adc"},
    {file = "unicode-2.7.tar.gz", hash = "sha256:72e4083667dd4180015c86f640e826d3f57bb10f8f16a33b3eca12aa0390f58b"},
]
