[[package]]
name = "cipheycore"
version = "0.1.5rc4"
description = ""
category = "main"
optional = false
python-versions = ">=3.5,<4.0"

[[package]]
name = "cipheydists"
version = "0.1.3"
description = "A collection of distributions, character sets and dictionaries for use in ciphey"
category = "main"
optional = false
python-versions = ">=3.5,<4.0"

[[package]]
name = "unicode"
version = "2.8"
description = "Display unicode character properties"
category = "main"
optional = false
python-versions = "*"

[metadata]
lock-version = "1.1"
python-versions = "^3.8"
content-hash = "f5e8e04f60329b8852b2aac98898313daf59c5bb61c05046bba995c740cd935a"

[metadata.files]
cipheycore = [
    {file = "cipheycore-0.1.5rc4-cp35-cp35m-manylinux2014_x86_64.whl", hash = "sha256:cf2f00b9b08c0a87536d6a36560bbff8809220d2e225796c4243287844a747d0"},
    {file = "cipheycore-0.1.5rc4-cp35-cp35m-win_amd64.whl", hash = "sha256:b1c8682d3a4abad23e7c6a1b316b58a694a11823ef410070ff0492e69a4c434d"},
    {file = "cipheycore-0.1.5rc4-cp36-cp36m-manylinux2014_x86_64.whl", hash = "sha256:d8006a771d7c775e31b1c9b61f6889b11b7ed8e61e2eff89a7b25c64cc9a89e0"},
    {file = "cipheycore-0.1.5rc4-cp36-cp36m-win_amd64.whl", hash = "sha256:354ac7e9f0c7507f1bac6787654f939e6fa01d4c8eda871ed33200c814b01027"},
    {file = "cipheycore-0.1.5rc4-cp37-cp37m-macosx_10_15_x86_64.whl", hash = "sha256:67e53eb3e04e0dd4462ae1c5ad563c7a1e3db6e811d481ba59e7d108add019bf"},
    {file = "cipheycore-0.1.5rc4-cp37-cp37m-manylinux2014_x86_64.whl", hash = "sha256:6674570bb6851184e4f0f9547639a5ec64c871eaf0984b8df589f23cf95a3513"},
    {file = "cipheycore-0.1.5rc4-cp37-cp37m-win_amd64.whl", hash = "sha256:44421ee4d63a86f26c2e4c3139f92fd704e1b9299c8d07259b44387e724498af"},
    {file = "cipheycore-0.1.5rc4-cp38-cp38-macosx_10_15_x86_64.whl", hash = "sha256:34ff7430173c894afb3aed9c2efd3c29fa16d17fd59311fa8184a779d290a870"},
    {file = "cipheycore-0.1.5rc4-cp38-cp38-manylinux2014_x86_64.whl", hash = "sha256:20b32e2791202ecb8a8ba348104d4ed145b60154e659e5c7e43752b828dc9791"},
    {file = "cipheycore-0.1.5rc4-cp38-cp38-win_amd64.whl", hash = "sha256:4262d1ab898b024d1e262aedcfd42a960bb305b4277799ba2caaa3eec98844c0"},
]
cipheydists = [
    {file = "cipheydists-0.1.3-py3-none-any.whl", hash = "sha256:d6f2632b3cd895ae5b36a30a85d21c55157426a5371bd60f70a6f7af9a3edb15"},
    {file = "cipheydists-0.1.3.tar.gz", hash = "sha256:54f913171d96e70d05348406bbb497cb32c25f31398a0aca7eb006d20110c852"},
]
unicode = [
    {file = "unicode-2.8-py2.py3-none-any.whl", hash = "sha256:a1bb93e2b9f68b9316734abcbc54fed78881df94268cd72d21b4f7a6be3ec970"},
    {file = "unicode-2.8.tar.gz", hash = "sha256:000f637428446f64352f72cb782e2a3dc587f14011ee4c9840657062ec3c27ed"},
]
