[[package]]
name = "cipheycore"
version = "0.1.5rc4"
description = ""
category = "main"
optional = false
python-versions = ">=3.5,<4.0"

[[package]]
name = "cipheydists"
version = "0.3.34"
description = "A collection of distributions, character sets and dictionaries for use in ciphey"
category = "main"
optional = false
python-versions = ">=3.5,<4.0"

[[package]]
name = "unicode"
version = "2.7"
description = "Display unicode character properties"
category = "main"
optional = false
python-versions = "*"

[metadata]
lock-version = "1.1"
python-versions = "^3.8"
content-hash = "01e46647eb781ab2dfd1fe40b02c3f59040c7476533996ec0a29264d6919daec"

[metadata.files]
cipheycore = [
    {file = "cipheycore-0.1.5rc4-cp35-cp35m-manylinux2014_x86_64.whl", hash = "sha256:cf2f00b9b08c0a87536d6a36560bbff8809220d2e225796c4243287844a747d0"},
    {file = "cipheycore-0.1.5rc4-cp35-cp35m-win_amd64.whl", hash = "sha256:b1c8682d3a4abad23e7c6a1b316b58a694a11823ef410070ff0492e69a4c434d"},
    {file = "cipheycore-0.1.5rc4-cp36-cp36m-manylinux2014_x86_64.whl", hash = "sha256:d8006a771d7c775e31b1c9b61f6889b11b7ed8e61e2eff89a7b25c64cc9a89e0"},
    {file = "cipheycore-0.1.5rc4-cp36-cp36m-win_amd64.whl", hash = "sha256:354ac7e9f0c7507f1bac6787654f939e6fa01d4c8eda871ed33200c814b01027"},
    {file = "cipheycore-0.1.5rc4-cp37-cp37m-macosx_10_15_x86_64.whl", hash = "sha256:67e53eb3e04e0dd4462ae1c5ad563c7a1e3db6e811d481ba59e7d108add019bf"},
    {file = "cipheycore-0.1.5rc4-cp37-cp37m-manylinux2014_x86_64.whl", hash = "sha256:6674570bb6851184e4f0f9547639a5ec64c871eaf0984b8df589f23cf95a3513"},
    {file = "cipheycore-0.1.5rc4-cp37-cp37m-win_amd64.whl", hash = "sha256:44421ee4d63a86f26c2e4c3139f92fd704e1b9299c8d07259b44387e724498af"},
    {file = "cipheycore-0.1.5rc4-cp38-cp38-macosx_10_15_x86_64.whl", hash = "sha256:34ff7430173c894afb3aed9c2efd3c29fa16d17fd59311fa8184a779d290a870"},
    {file = "cipheycore-0.1.5rc4-cp38-cp38-manylinux2014_x86_64.whl", hash = "sha256:20b32e2791202ecb8a8ba348104d4ed145b60154e659e5c7e43752b828dc9791"},
    {file = "cipheycore-0.1.5rc4-cp38-cp38-win_amd64.whl", hash = "sha256:4262d1ab898b024d1e262aedcfd42a960bb305b4277799ba2caaa3eec98844c0"},
]
cipheydists = [
    {file = "cipheydists-0.3.34-py3-none-any.whl", hash = "sha256:9b741009b3c524d894b1e6a992cfe6749f58b1528bbf857f221ef7da75cf6d33"},
    {file = "cipheydists-0.3.34.tar.gz", hash = "sha256:cc78ad67cd2742ed59cd8cc3b95a92658772f1b6a2a4475dba997cc675d2241d"},
]
unicode = [
    {file = "unicode-2.7-py2.py3-none-any.whl", hash = "sha256:50ffc265ef115e420194338879b8ca260b0d78a1c91e149cc36a3a33f1341adc"},
    {file = "unicode-2.7.tar.gz", hash = "sha256:72e4083667dd4180015c86f640e826d3f57bb10f8f16a33b3eca12aa0390f58b"},
]
